{
  "name": "d-p-global-logistics",
  "version": "0.0.0",
  "lockfileVersion": 3,
  "requires": true,
  "packages": {
    "": {
      "name": "d-p-global-logistics",
      "version": "0.0.0",
      "license": "ISC",
      "dependencies": {
        "react": "^19.2.1",
        "lucide-react": "^0.556.0",
        "react-dom": "^19.2.1",
        "react-router-dom": "^7.10.1"
      },
      "devDependencies": {
        "@types/node": "^22.14.0",
        "@vitejs/plugin-react": "^5.0.0",
        "typescript": "~5.8.2",
        "vite": "^6.2.0"
      }
    }
  }
}
